{
  "name": "workspace",
  "version": "1.0.0",
  "lockfileVersion": 3,
  "requires": true,
  "packages": {
    "": {
      "name": "workspace",
      "version": "1.0.0",
      "license": "ISC",
      "dependencies": {
        "jsql-neo": "^5.3.1"
      }
    },
    "node_modules/@vexify-org/yaggs": {
      "version": "8.1.0",
      "resolved": "https://registry.npmjs.org/@vexify-org/yaggs/-/yaggs-8.1.0.tgz",
      "integrity": "sha512-8DB6DAp/Mv/FpUfZPJZoX/ipBS+7TgW4AX0gBYQki/pjAJZYDBTz+dicfNLNG6KcRNV39OzS+upD+AwM9NSCGw==",
      "license": "Apache-2.0"
    },
    "node_modules/jsql-neo": {
      "version": "5.3.1",
      "resolved": "https://registry.npmjs.org/jsql-neo/-/jsql-neo-5.3.1.tgz",
      "integrity": "sha512-GOqty+p9Y2qdHn00WJMZr1PwpuAMXzeKAXpnyEmjwR/8DMstvotv4fJdmVFs3qI08yepK8GDL0DSk2nLzZA9cg==",
      "hasInstallScript": true,
      "license": "Apache-2.0",
      "dependencies": {
        "@vexify-org/yaggs": "^8.1.0"
      },
      "bin": {
        "jsql": "bin/jsql"
      },
      "engines": {
        "node": ">=14.0.0"
      }
    }
  }
}
